
Microsoft Visual Studio Solution File, Format Version 12.00
# Visual Studio Version 17
VisualStudioVersion = 17.0.31903.59
MinimumVisualStudioVersion = 10.0.40219.1
Project("{2150E333-8FDC-42A3-9474-1A3956D46DE8}") = "src", "src", "{827E0CD3-B72D-47B6-A68D-7590B98EB39B}"
EndProject
Project("{FAE04EC0-301F-11D3-BF4B-00C04F79EFBC}") = "KRDesktopHub.Contracts", "src\KRDesktopHub.Contracts\KRDesktopHub.Contracts.csproj", "{980189A4-6D2A-47C4-A754-F348470116AE}"
EndProject
Project("{FAE04EC0-301F-11D3-BF4B-00C04F79EFBC}") = "KRDesktopHub.Platform.Abstractions", "src\KRDesktopHub.Platform.Abstractions\KRDesktopHub.Platform.Abstractions.csproj", "{997FE028-9004-47A5-9854-BC7616CF21DB}"
EndProject
Project("{2150E333-8FDC-42A3-9474-1A3956D46DE8}") = "tests", "tests", "{0AB3BF05-4346-4AA6-1389-037BE0695223}"
EndProject
Project("{FAE04EC0-301F-11D3-BF4B-00C04F79EFBC}") = "KRDesktopHub.Contracts.SmokeTests", "tests\KRDesktopHub.Contracts.SmokeTests\KRDesktopHub.Contracts.SmokeTests.csproj", "{A547CE74-BB00-4E81-A144-4ABA3DFA62FF}"
EndProject
Project("{FAE04EC0-301F-11D3-BF4B-00C04F79EFBC}") = "KRDesktopHub.Core", "src\KRDesktopHub.Core\KRDesktopHub.Core.csproj", "{90074ABD-1F4C-4D0F-9C8E-437EE908C378}"
EndProject
Project("{FAE04EC0-301F-11D3-BF4B-00C04F79EFBC}") = "KRDesktopHub.Core.SmokeTests", "tests\KRDesktopHub.Core.SmokeTests\KRDesktopHub.Core.SmokeTests.csproj", "{60666B9E-0CD5-4E54-A93A-6CC14B97F51C}"
EndProject
Project("{FAE04EC0-301F-11D3-BF4B-00C04F79EFBC}") = "KRDesktopHub.Platform.Windows", "src\KRDesktopHub.Platform.Windows\KRDesktopHub.Platform.Windows.csproj", "{C4A24D15-4388-4BB4-9BA5-318EB77B28EC}"
EndProject
Project("{FAE04EC0-301F-11D3-BF4B-00C04F79EFBC}") = "KRDesktopHub.App.Windows", "src\KRDesktopHub.App.Windows\KRDesktopHub.App.Windows.csproj", "{AC327380-0D48-49D5-A1ED-196EC2AFCE59}"
EndProject
Project("{FAE04EC0-301F-11D3-BF4B-00C04F79EFBC}") = "KRDesktopHub.Platform.Windows.SmokeTests", "tests\KRDesktopHub.Platform.Windows.SmokeTests\KRDesktopHub.Platform.Windows.SmokeTests.csproj", "{2CAB3CE6-E5F8-4187-B999-3BE546837446}"
EndProject
Project("{2150E333-8FDC-42A3-9474-1A3956D46DE8}") = "widgets", "widgets", "{BCB56B24-9C87-A1C6-9BC8-AE807DEE806C}"
EndProject
Project("{2150E333-8FDC-42A3-9474-1A3956D46DE8}") = "fixtures", "fixtures", "{37AF5BF4-5610-904A-A681-61FE7F1C55EB}"
EndProject
Project("{FAE04EC0-301F-11D3-BF4B-00C04F79EFBC}") = "KRDesktopHub.Fixture.Basic", "widgets\fixtures\KRDesktopHub.Fixture.Basic\KRDesktopHub.Fixture.Basic.csproj", "{44B68D7E-EB92-4178-8D01-174B202F6ED6}"
EndProject
Project("{FAE04EC0-301F-11D3-BF4B-00C04F79EFBC}") = "KRDesktopHub.WidgetRuntime.SmokeTests", "tests\KRDesktopHub.WidgetRuntime.SmokeTests\KRDesktopHub.WidgetRuntime.SmokeTests.csproj", "{0946A539-F638-4C7E-B105-C199D35E3447}"
EndProject
Project("{FAE04EC0-301F-11D3-BF4B-00C04F79EFBC}") = "KRDesktopHub.SystemPolicies.SmokeTests", "tests\KRDesktopHub.SystemPolicies.SmokeTests\KRDesktopHub.SystemPolicies.SmokeTests.csproj", "{A7258327-86E8-4D00-98D3-4E5316BC16DB}"
EndProject
Project("{FAE04EC0-301F-11D3-BF4B-00C04F79EFBC}") = "KRDesktopHub.WidgetSdk", "src\KRDesktopHub.WidgetSdk\KRDesktopHub.WidgetSdk.csproj", "{F693DC46-603D-4711-A7F8-E3A5746576B1}"
EndProject
Project("{2150E333-8FDC-42A3-9474-1A3956D46DE8}") = "samples", "samples", "{5D20AA90-6969-D8BD-9DCD-8634F4692FDA}"
EndProject
Project("{2150E333-8FDC-42A3-9474-1A3956D46DE8}") = "HelloWidget", "HelloWidget", "{1A8072FB-86E0-591C-667D-F8C9447733DE}"
EndProject
Project("{FAE04EC0-301F-11D3-BF4B-00C04F79EFBC}") = "KRDesktopHub.HelloWidget", "samples\HelloWidget\KRDesktopHub.HelloWidget.csproj", "{22351BAB-9B24-410D-88BC-D1BA8266A84F}"
EndProject
Project("{FAE04EC0-301F-11D3-BF4B-00C04F79EFBC}") = "KRDesktopHub.DiagnosticsMigration.SmokeTests", "tests\KRDesktopHub.DiagnosticsMigration.SmokeTests\KRDesktopHub.DiagnosticsMigration.SmokeTests.csproj", "{85F3849B-EDB0-4F32-B699-3A451F9A92A8}"
EndProject
Project("{FAE04EC0-301F-11D3-BF4B-00C04F79EFBC}") = "KRDesktopHub.WindowPlacement.SmokeTests", "tests\KRDesktopHub.WindowPlacement.SmokeTests\KRDesktopHub.WindowPlacement.SmokeTests.csproj", "{D448F17C-0AC5-462E-8C74-EE08C15B5062}"
EndProject
Project("{FAE04EC0-301F-11D3-BF4B-00C04F79EFBC}") = "KRDesktopHub.CoreHostSettings.SmokeTests", "tests\KRDesktopHub.CoreHostSettings.SmokeTests\KRDesktopHub.CoreHostSettings.SmokeTests.csproj", "{9A129534-F103-46A3-9125-F724735D1663}"
EndProject
Project("{FAE04EC0-301F-11D3-BF4B-00C04F79EFBC}") = "KRDesktopHub.PolicyBinding.SmokeTests", "tests\KRDesktopHub.PolicyBinding.SmokeTests\KRDesktopHub.PolicyBinding.SmokeTests.csproj", "{72D968D1-2CDA-40A6-8ED5-4D0AAF9ABDBE}"
EndProject
Project("{FAE04EC0-301F-11D3-BF4B-00C04F79EFBC}") = "KRDesktopHub.WidgetExecutionPolicies.SmokeTests", "tests\KRDesktopHub.WidgetExecutionPolicies.SmokeTests\KRDesktopHub.WidgetExecutionPolicies.SmokeTests.csproj", "{0C717ACB-F952-402D-8E79-5C2C6C820019}"
EndProject
Project("{FAE04EC0-301F-11D3-BF4B-00C04F79EFBC}") = "KRDesktopHub.WidgetPackageInstaller.SmokeTests", "tests\KRDesktopHub.WidgetPackageInstaller.SmokeTests\KRDesktopHub.WidgetPackageInstaller.SmokeTests.csproj", "{90AC224E-B229-450E-BCD5-6710A2E7CEA1}"
EndProject
Global
	GlobalSection(SolutionConfigurationPlatforms) = preSolution
		Debug|Any CPU = Debug|Any CPU
		Debug|x64 = Debug|x64
		Debug|x86 = Debug|x86
		Release|Any CPU = Release|Any CPU
		Release|x64 = Release|x64
		Release|x86 = Release|x86
	EndGlobalSection
	GlobalSection(ProjectConfigurationPlatforms) = postSolution
		{980189A4-6D2A-47C4-A754-F348470116AE}.Debug|Any CPU.ActiveCfg = Debug|Any CPU
		{980189A4-6D2A-47C4-A754-F348470116AE}.Debug|Any CPU.Build.0 = Debug|Any CPU
		{980189A4-6D2A-47C4-A754-F348470116AE}.Debug|x64.ActiveCfg = Debug|Any CPU
		{980189A4-6D2A-47C4-A754-F348470116AE}.Debug|x64.Build.0 = Debug|Any CPU
		{980189A4-6D2A-47C4-A754-F348470116AE}.Debug|x86.ActiveCfg = Debug|Any CPU
		{980189A4-6D2A-47C4-A754-F348470116AE}.Debug|x86.Build.0 = Debug|Any CPU
		{980189A4-6D2A-47C4-A754-F348470116AE}.Release|Any CPU.ActiveCfg = Release|Any CPU
		{980189A4-6D2A-47C4-A754-F348470116AE}.Release|Any CPU.Build.0 = Release|Any CPU
		{980189A4-6D2A-47C4-A754-F348470116AE}.Release|x64.ActiveCfg = Release|Any CPU
		{980189A4-6D2A-47C4-A754-F348470116AE}.Release|x64.Build.0 = Release|Any CPU
		{980189A4-6D2A-47C4-A754-F348470116AE}.Release|x86.ActiveCfg = Release|Any CPU
		{980189A4-6D2A-47C4-A754-F348470116AE}.Release|x86.Build.0 = Release|Any CPU
		{997FE028-9004-47A5-9854-BC7616CF21DB}.Debug|Any CPU.ActiveCfg = Debug|Any CPU
		{997FE028-9004-47A5-9854-BC7616CF21DB}.Debug|Any CPU.Build.0 = Debug|Any CPU
		{997FE028-9004-47A5-9854-BC7616CF21DB}.Debug|x64.ActiveCfg = Debug|Any CPU
		{997FE028-9004-47A5-9854-BC7616CF21DB}.Debug|x64.Build.0 = Debug|Any CPU
		{997FE028-9004-47A5-9854-BC7616CF21DB}.Debug|x86.ActiveCfg = Debug|Any CPU
		{997FE028-9004-47A5-9854-BC7616CF21DB}.Debug|x86.Build.0 = Debug|Any CPU
		{997FE028-9004-47A5-9854-BC7616CF21DB}.Release|Any CPU.ActiveCfg = Release|Any CPU
		{997FE028-9004-47A5-9854-BC7616CF21DB}.Release|Any CPU.Build.0 = Release|Any CPU
		{997FE028-9004-47A5-9854-BC7616CF21DB}.Release|x64.ActiveCfg = Release|Any CPU
		{997FE028-9004-47A5-9854-BC7616CF21DB}.Release|x64.Build.0 = Release|Any CPU
		{997FE028-9004-47A5-9854-BC7616CF21DB}.Release|x86.ActiveCfg = Release|Any CPU
		{997FE028-9004-47A5-9854-BC7616CF21DB}.Release|x86.Build.0 = Release|Any CPU
		{A547CE74-BB00-4E81-A144-4ABA3DFA62FF}.Debug|Any CPU.ActiveCfg = Debug|Any CPU
		{A547CE74-BB00-4E81-A144-4ABA3DFA62FF}.Debug|Any CPU.Build.0 = Debug|Any CPU
		{A547CE74-BB00-4E81-A144-4ABA3DFA62FF}.Debug|x64.ActiveCfg = Debug|Any CPU
		{A547CE74-BB00-4E81-A144-4ABA3DFA62FF}.Debug|x64.Build.0 = Debug|Any CPU
		{A547CE74-BB00-4E81-A144-4ABA3DFA62FF}.Debug|x86.ActiveCfg = Debug|Any CPU
		{A547CE74-BB00-4E81-A144-4ABA3DFA62FF}.Debug|x86.Build.0 = Debug|Any CPU
		{A547CE74-BB00-4E81-A144-4ABA3DFA62FF}.Release|Any CPU.ActiveCfg = Release|Any CPU
		{A547CE74-BB00-4E81-A144-4ABA3DFA62FF}.Release|Any CPU.Build.0 = Release|Any CPU
		{A547CE74-BB00-4E81-A144-4ABA3DFA62FF}.Release|x64.ActiveCfg = Release|Any CPU
		{A547CE74-BB00-4E81-A144-4ABA3DFA62FF}.Release|x64.Build.0 = Release|Any CPU
		{A547CE74-BB00-4E81-A144-4ABA3DFA62FF}.Release|x86.ActiveCfg = Release|Any CPU
		{A547CE74-BB00-4E81-A144-4ABA3DFA62FF}.Release|x86.Build.0 = Release|Any CPU
		{90074ABD-1F4C-4D0F-9C8E-437EE908C378}.Debug|Any CPU.ActiveCfg = Debug|Any CPU
		{90074ABD-1F4C-4D0F-9C8E-437EE908C378}.Debug|Any CPU.Build.0 = Debug|Any CPU
		{90074ABD-1F4C-4D0F-9C8E-437EE908C378}.Debug|x64.ActiveCfg = Debug|Any CPU
		{90074ABD-1F4C-4D0F-9C8E-437EE908C378}.Debug|x64.Build.0 = Debug|Any CPU
		{90074ABD-1F4C-4D0F-9C8E-437EE908C378}.Debug|x86.ActiveCfg = Debug|Any CPU
		{90074ABD-1F4C-4D0F-9C8E-437EE908C378}.Debug|x86.Build.0 = Debug|Any CPU
		{90074ABD-1F4C-4D0F-9C8E-437EE908C378}.Release|Any CPU.ActiveCfg = Release|Any CPU
		{90074ABD-1F4C-4D0F-9C8E-437EE908C378}.Release|Any CPU.Build.0 = Release|Any CPU
		{90074ABD-1F4C-4D0F-9C8E-437EE908C378}.Release|x64.ActiveCfg = Release|Any CPU
		{90074ABD-1F4C-4D0F-9C8E-437EE908C378}.Release|x64.Build.0 = Release|Any CPU
		{90074ABD-1F4C-4D0F-9C8E-437EE908C378}.Release|x86.ActiveCfg = Release|Any CPU
		{90074ABD-1F4C-4D0F-9C8E-437EE908C378}.Release|x86.Build.0 = Release|Any CPU
		{60666B9E-0CD5-4E54-A93A-6CC14B97F51C}.Debug|Any CPU.ActiveCfg = Debug|Any CPU
		{60666B9E-0CD5-4E54-A93A-6CC14B97F51C}.Debug|Any CPU.Build.0 = Debug|Any CPU
		{60666B9E-0CD5-4E54-A93A-6CC14B97F51C}.Debug|x64.ActiveCfg = Debug|Any CPU
		{60666B9E-0CD5-4E54-A93A-6CC14B97F51C}.Debug|x64.Build.0 = Debug|Any CPU
		{60666B9E-0CD5-4E54-A93A-6CC14B97F51C}.Debug|x86.ActiveCfg = Debug|Any CPU
		{60666B9E-0CD5-4E54-A93A-6CC14B97F51C}.Debug|x86.Build.0 = Debug|Any CPU
		{60666B9E-0CD5-4E54-A93A-6CC14B97F51C}.Release|Any CPU.ActiveCfg = Release|Any CPU
		{60666B9E-0CD5-4E54-A93A-6CC14B97F51C}.Release|Any CPU.Build.0 = Release|Any CPU
		{60666B9E-0CD5-4E54-A93A-6CC14B97F51C}.Release|x64.ActiveCfg = Release|Any CPU
		{60666B9E-0CD5-4E54-A93A-6CC14B97F51C}.Release|x64.Build.0 = Release|Any CPU
		{60666B9E-0CD5-4E54-A93A-6CC14B97F51C}.Release|x86.ActiveCfg = Release|Any CPU
		{60666B9E-0CD5-4E54-A93A-6CC14B97F51C}.Release|x86.Build.0 = Release|Any CPU
		{C4A24D15-4388-4BB4-9BA5-318EB77B28EC}.Debug|Any CPU.ActiveCfg = Debug|Any CPU
		{C4A24D15-4388-4BB4-9BA5-318EB77B28EC}.Debug|Any CPU.Build.0 = Debug|Any CPU
		{C4A24D15-4388-4BB4-9BA5-318EB77B28EC}.Debug|x64.ActiveCfg = Debug|Any CPU
		{C4A24D15-4388-4BB4-9BA5-318EB77B28EC}.Debug|x64.Build.0 = Debug|Any CPU
		{C4A24D15-4388-4BB4-9BA5-318EB77B28EC}.Debug|x86.ActiveCfg = Debug|Any CPU
		{C4A24D15-4388-4BB4-9BA5-318EB77B28EC}.Debug|x86.Build.0 = Debug|Any CPU
		{C4A24D15-4388-4BB4-9BA5-318EB77B28EC}.Release|Any CPU.ActiveCfg = Release|Any CPU
		{C4A24D15-4388-4BB4-9BA5-318EB77B28EC}.Release|Any CPU.Build.0 = Release|Any CPU
		{C4A24D15-4388-4BB4-9BA5-318EB77B28EC}.Release|x64.ActiveCfg = Release|Any CPU
		{C4A24D15-4388-4BB4-9BA5-318EB77B28EC}.Release|x64.Build.0 = Release|Any CPU
		{C4A24D15-4388-4BB4-9BA5-318EB77B28EC}.Release|x86.ActiveCfg = Release|Any CPU
		{C4A24D15-4388-4BB4-9BA5-318EB77B28EC}.Release|x86.Build.0 = Release|Any CPU
		{AC327380-0D48-49D5-A1ED-196EC2AFCE59}.Debug|Any CPU.ActiveCfg = Debug|Any CPU
		{AC327380-0D48-49D5-A1ED-196EC2AFCE59}.Debug|Any CPU.Build.0 = Debug|Any CPU
		{AC327380-0D48-49D5-A1ED-196EC2AFCE59}.Debug|x64.ActiveCfg = Debug|Any CPU
		{AC327380-0D48-49D5-A1ED-196EC2AFCE59}.Debug|x64.Build.0 = Debug|Any CPU
		{AC327380-0D48-49D5-A1ED-196EC2AFCE59}.Debug|x86.ActiveCfg = Debug|Any CPU
		{AC327380-0D48-49D5-A1ED-196EC2AFCE59}.Debug|x86.Build.0 = Debug|Any CPU
		{AC327380-0D48-49D5-A1ED-196EC2AFCE59}.Release|Any CPU.ActiveCfg = Release|Any CPU
		{AC327380-0D48-49D5-A1ED-196EC2AFCE59}.Release|Any CPU.Build.0 = Release|Any CPU
		{AC327380-0D48-49D5-A1ED-196EC2AFCE59}.Release|x64.ActiveCfg = Release|Any CPU
		{AC327380-0D48-49D5-A1ED-196EC2AFCE59}.Release|x64.Build.0 = Release|Any CPU
		{AC327380-0D48-49D5-A1ED-196EC2AFCE59}.Release|x86.ActiveCfg = Release|Any CPU
		{AC327380-0D48-49D5-A1ED-196EC2AFCE59}.Release|x86.Build.0 = Release|Any CPU
		{2CAB3CE6-E5F8-4187-B999-3BE546837446}.Debug|Any CPU.ActiveCfg = Debug|Any CPU
		{2CAB3CE6-E5F8-4187-B999-3BE546837446}.Debug|Any CPU.Build.0 = Debug|Any CPU
		{2CAB3CE6-E5F8-4187-B999-3BE546837446}.Debug|x64.ActiveCfg = Debug|Any CPU
		{2CAB3CE6-E5F8-4187-B999-3BE546837446}.Debug|x64.Build.0 = Debug|Any CPU
		{2CAB3CE6-E5F8-4187-B999-3BE546837446}.Debug|x86.ActiveCfg = Debug|Any CPU
		{2CAB3CE6-E5F8-4187-B999-3BE546837446}.Debug|x86.Build.0 = Debug|Any CPU
		{2CAB3CE6-E5F8-4187-B999-3BE546837446}.Release|Any CPU.ActiveCfg = Release|Any CPU
		{2CAB3CE6-E5F8-4187-B999-3BE546837446}.Release|Any CPU.Build.0 = Release|Any CPU
		{2CAB3CE6-E5F8-4187-B999-3BE546837446}.Release|x64.ActiveCfg = Release|Any CPU
		{2CAB3CE6-E5F8-4187-B999-3BE546837446}.Release|x64.Build.0 = Release|Any CPU
		{2CAB3CE6-E5F8-4187-B999-3BE546837446}.Release|x86.ActiveCfg = Release|Any CPU
		{2CAB3CE6-E5F8-4187-B999-3BE546837446}.Release|x86.Build.0 = Release|Any CPU
		{44B68D7E-EB92-4178-8D01-174B202F6ED6}.Debug|Any CPU.ActiveCfg = Debug|Any CPU
		{44B68D7E-EB92-4178-8D01-174B202F6ED6}.Debug|Any CPU.Build.0 = Debug|Any CPU
		{44B68D7E-EB92-4178-8D01-174B202F6ED6}.Debug|x64.ActiveCfg = Debug|Any CPU
		{44B68D7E-EB92-4178-8D01-174B202F6ED6}.Debug|x64.Build.0 = Debug|Any CPU
		{44B68D7E-EB92-4178-8D01-174B202F6ED6}.Debug|x86.ActiveCfg = Debug|Any CPU
		{44B68D7E-EB92-4178-8D01-174B202F6ED6}.Debug|x86.Build.0 = Debug|Any CPU
		{44B68D7E-EB92-4178-8D01-174B202F6ED6}.Release|Any CPU.ActiveCfg = Release|Any CPU
		{44B68D7E-EB92-4178-8D01-174B202F6ED6}.Release|Any CPU.Build.0 = Release|Any CPU
		{44B68D7E-EB92-4178-8D01-174B202F6ED6}.Release|x64.ActiveCfg = Release|Any CPU
		{44B68D7E-EB92-4178-8D01-174B202F6ED6}.Release|x64.Build.0 = Release|Any CPU
		{44B68D7E-EB92-4178-8D01-174B202F6ED6}.Release|x86.ActiveCfg = Release|Any CPU
		{44B68D7E-EB92-4178-8D01-174B202F6ED6}.Release|x86.Build.0 = Release|Any CPU
		{0946A539-F638-4C7E-B105-C199D35E3447}.Debug|Any CPU.ActiveCfg = Debug|Any CPU
		{0946A539-F638-4C7E-B105-C199D35E3447}.Debug|Any CPU.Build.0 = Debug|Any CPU
		{0946A539-F638-4C7E-B105-C199D35E3447}.Debug|x64.ActiveCfg = Debug|Any CPU
		{0946A539-F638-4C7E-B105-C199D35E3447}.Debug|x64.Build.0 = Debug|Any CPU
		{0946A539-F638-4C7E-B105-C199D35E3447}.Debug|x86.ActiveCfg = Debug|Any CPU
		{0946A539-F638-4C7E-B105-C199D35E3447}.Debug|x86.Build.0 = Debug|Any CPU
		{0946A539-F638-4C7E-B105-C199D35E3447}.Release|Any CPU.ActiveCfg = Release|Any CPU
		{0946A539-F638-4C7E-B105-C199D35E3447}.Release|Any CPU.Build.0 = Release|Any CPU
		{0946A539-F638-4C7E-B105-C199D35E3447}.Release|x64.ActiveCfg = Release|Any CPU
		{0946A539-F638-4C7E-B105-C199D35E3447}.Release|x64.Build.0 = Release|Any CPU
		{0946A539-F638-4C7E-B105-C199D35E3447}.Release|x86.ActiveCfg = Release|Any CPU
		{0946A539-F638-4C7E-B105-C199D35E3447}.Release|x86.Build.0 = Release|Any CPU
		{A7258327-86E8-4D00-98D3-4E5316BC16DB}.Debug|Any CPU.ActiveCfg = Debug|Any CPU
		{A7258327-86E8-4D00-98D3-4E5316BC16DB}.Debug|Any CPU.Build.0 = Debug|Any CPU
		{A7258327-86E8-4D00-98D3-4E5316BC16DB}.Debug|x64.ActiveCfg = Debug|Any CPU
		{A7258327-86E8-4D00-98D3-4E5316BC16DB}.Debug|x64.Build.0 = Debug|Any CPU
		{A7258327-86E8-4D00-98D3-4E5316BC16DB}.Debug|x86.ActiveCfg = Debug|Any CPU
		{A7258327-86E8-4D00-98D3-4E5316BC16DB}.Debug|x86.Build.0 = Debug|Any CPU
		{A7258327-86E8-4D00-98D3-4E5316BC16DB}.Release|Any CPU.ActiveCfg = Release|Any CPU
		{A7258327-86E8-4D00-98D3-4E5316BC16DB}.Release|Any CPU.Build.0 = Release|Any CPU
		{A7258327-86E8-4D00-98D3-4E5316BC16DB}.Release|x64.ActiveCfg = Release|Any CPU
		{A7258327-86E8-4D00-98D3-4E5316BC16DB}.Release|x64.Build.0 = Release|Any CPU
		{A7258327-86E8-4D00-98D3-4E5316BC16DB}.Release|x86.ActiveCfg = Release|Any CPU
		{A7258327-86E8-4D00-98D3-4E5316BC16DB}.Release|x86.Build.0 = Release|Any CPU
		{F693DC46-603D-4711-A7F8-E3A5746576B1}.Debug|Any CPU.ActiveCfg = Debug|Any CPU
		{F693DC46-603D-4711-A7F8-E3A5746576B1}.Debug|Any CPU.Build.0 = Debug|Any CPU
		{F693DC46-603D-4711-A7F8-E3A5746576B1}.Debug|x64.ActiveCfg = Debug|Any CPU
		{F693DC46-603D-4711-A7F8-E3A5746576B1}.Debug|x64.Build.0 = Debug|Any CPU
		{F693DC46-603D-4711-A7F8-E3A5746576B1}.Debug|x86.ActiveCfg = Debug|Any CPU
		{F693DC46-603D-4711-A7F8-E3A5746576B1}.Debug|x86.Build.0 = Debug|Any CPU
		{F693DC46-603D-4711-A7F8-E3A5746576B1}.Release|Any CPU.ActiveCfg = Release|Any CPU
		{F693DC46-603D-4711-A7F8-E3A5746576B1}.Release|Any CPU.Build.0 = Release|Any CPU
		{F693DC46-603D-4711-A7F8-E3A5746576B1}.Release|x64.ActiveCfg = Release|Any CPU
		{F693DC46-603D-4711-A7F8-E3A5746576B1}.Release|x64.Build.0 = Release|Any CPU
		{F693DC46-603D-4711-A7F8-E3A5746576B1}.Release|x86.ActiveCfg = Release|Any CPU
		{F693DC46-603D-4711-A7F8-E3A5746576B1}.Release|x86.Build.0 = Release|Any CPU
		{22351BAB-9B24-410D-88BC-D1BA8266A84F}.Debug|Any CPU.ActiveCfg = Debug|Any CPU
		{22351BAB-9B24-410D-88BC-D1BA8266A84F}.Debug|Any CPU.Build.0 = Debug|Any CPU
		{22351BAB-9B24-410D-88BC-D1BA8266A84F}.Debug|x64.ActiveCfg = Debug|Any CPU
		{22351BAB-9B24-410D-88BC-D1BA8266A84F}.Debug|x64.Build.0 = Debug|Any CPU
		{22351BAB-9B24-410D-88BC-D1BA8266A84F}.Debug|x86.ActiveCfg = Debug|Any CPU
		{22351BAB-9B24-410D-88BC-D1BA8266A84F}.Debug|x86.Build.0 = Debug|Any CPU
		{22351BAB-9B24-410D-88BC-D1BA8266A84F}.Release|Any CPU.ActiveCfg = Release|Any CPU
		{22351BAB-9B24-410D-88BC-D1BA8266A84F}.Release|Any CPU.Build.0 = Release|Any CPU
		{22351BAB-9B24-410D-88BC-D1BA8266A84F}.Release|x64.ActiveCfg = Release|Any CPU
		{22351BAB-9B24-410D-88BC-D1BA8266A84F}.Release|x64.Build.0 = Release|Any CPU
		{22351BAB-9B24-410D-88BC-D1BA8266A84F}.Release|x86.ActiveCfg = Release|Any CPU
		{22351BAB-9B24-410D-88BC-D1BA8266A84F}.Release|x86.Build.0 = Release|Any CPU
		{85F3849B-EDB0-4F32-B699-3A451F9A92A8}.Debug|Any CPU.ActiveCfg = Debug|Any CPU
		{85F3849B-EDB0-4F32-B699-3A451F9A92A8}.Debug|Any CPU.Build.0 = Debug|Any CPU
		{85F3849B-EDB0-4F32-B699-3A451F9A92A8}.Debug|x64.ActiveCfg = Debug|Any CPU
		{85F3849B-EDB0-4F32-B699-3A451F9A92A8}.Debug|x64.Build.0 = Debug|Any CPU
		{85F3849B-EDB0-4F32-B699-3A451F9A92A8}.Debug|x86.ActiveCfg = Debug|Any CPU
		{85F3849B-EDB0-4F32-B699-3A451F9A92A8}.Debug|x86.Build.0 = Debug|Any CPU
		{85F3849B-EDB0-4F32-B699-3A451F9A92A8}.Release|Any CPU.ActiveCfg = Release|Any CPU
		{85F3849B-EDB0-4F32-B699-3A451F9A92A8}.Release|Any CPU.Build.0 = Release|Any CPU
		{85F3849B-EDB0-4F32-B699-3A451F9A92A8}.Release|x64.ActiveCfg = Release|Any CPU
		{85F3849B-EDB0-4F32-B699-3A451F9A92A8}.Release|x64.Build.0 = Release|Any CPU
		{85F3849B-EDB0-4F32-B699-3A451F9A92A8}.Release|x86.ActiveCfg = Release|Any CPU
		{85F3849B-EDB0-4F32-B699-3A451F9A92A8}.Release|x86.Build.0 = Release|Any CPU
		{D448F17C-0AC5-462E-8C74-EE08C15B5062}.Debug|Any CPU.ActiveCfg = Debug|Any CPU
		{D448F17C-0AC5-462E-8C74-EE08C15B5062}.Debug|Any CPU.Build.0 = Debug|Any CPU
		{D448F17C-0AC5-462E-8C74-EE08C15B5062}.Debug|x64.ActiveCfg = Debug|Any CPU
		{D448F17C-0AC5-462E-8C74-EE08C15B5062}.Debug|x64.Build.0 = Debug|Any CPU
		{D448F17C-0AC5-462E-8C74-EE08C15B5062}.Debug|x86.ActiveCfg = Debug|Any CPU
		{D448F17C-0AC5-462E-8C74-EE08C15B5062}.Debug|x86.Build.0 = Debug|Any CPU
		{D448F17C-0AC5-462E-8C74-EE08C15B5062}.Release|Any CPU.ActiveCfg = Release|Any CPU
		{D448F17C-0AC5-462E-8C74-EE08C15B5062}.Release|Any CPU.Build.0 = Release|Any CPU
		{D448F17C-0AC5-462E-8C74-EE08C15B5062}.Release|x64.ActiveCfg = Release|Any CPU
		{D448F17C-0AC5-462E-8C74-EE08C15B5062}.Release|x64.Build.0 = Release|Any CPU
		{D448F17C-0AC5-462E-8C74-EE08C15B5062}.Release|x86.ActiveCfg = Release|Any CPU
		{D448F17C-0AC5-462E-8C74-EE08C15B5062}.Release|x86.Build.0 = Release|Any CPU
		{9A129534-F103-46A3-9125-F724735D1663}.Debug|Any CPU.ActiveCfg = Debug|Any CPU
		{9A129534-F103-46A3-9125-F724735D1663}.Debug|Any CPU.Build.0 = Debug|Any CPU
		{9A129534-F103-46A3-9125-F724735D1663}.Debug|x64.ActiveCfg = Debug|Any CPU
		{9A129534-F103-46A3-9125-F724735D1663}.Debug|x64.Build.0 = Debug|Any CPU
		{9A129534-F103-46A3-9125-F724735D1663}.Debug|x86.ActiveCfg = Debug|Any CPU
		{9A129534-F103-46A3-9125-F724735D1663}.Debug|x86.Build.0 = Debug|Any CPU
		{9A129534-F103-46A3-9125-F724735D1663}.Release|Any CPU.ActiveCfg = Release|Any CPU
		{9A129534-F103-46A3-9125-F724735D1663}.Release|Any CPU.Build.0 = Release|Any CPU
		{9A129534-F103-46A3-9125-F724735D1663}.Release|x64.ActiveCfg = Release|Any CPU
		{9A129534-F103-46A3-9125-F724735D1663}.Release|x64.Build.0 = Release|Any CPU
		{9A129534-F103-46A3-9125-F724735D1663}.Release|x86.ActiveCfg = Release|Any CPU
		{9A129534-F103-46A3-9125-F724735D1663}.Release|x86.Build.0 = Release|Any CPU
		{72D968D1-2CDA-40A6-8ED5-4D0AAF9ABDBE}.Debug|Any CPU.ActiveCfg = Debug|Any CPU
		{72D968D1-2CDA-40A6-8ED5-4D0AAF9ABDBE}.Debug|Any CPU.Build.0 = Debug|Any CPU
		{72D968D1-2CDA-40A6-8ED5-4D0AAF9ABDBE}.Debug|x64.ActiveCfg = Debug|Any CPU
		{72D968D1-2CDA-40A6-8ED5-4D0AAF9ABDBE}.Debug|x64.Build.0 = Debug|Any CPU
		{72D968D1-2CDA-40A6-8ED5-4D0AAF9ABDBE}.Debug|x86.ActiveCfg = Debug|Any CPU
		{72D968D1-2CDA-40A6-8ED5-4D0AAF9ABDBE}.Debug|x86.Build.0 = Debug|Any CPU
		{72D968D1-2CDA-40A6-8ED5-4D0AAF9ABDBE}.Release|Any CPU.ActiveCfg = Release|Any CPU
		{72D968D1-2CDA-40A6-8ED5-4D0AAF9ABDBE}.Release|Any CPU.Build.0 = Release|Any CPU
		{72D968D1-2CDA-40A6-8ED5-4D0AAF9ABDBE}.Release|x64.ActiveCfg = Release|Any CPU
		{72D968D1-2CDA-40A6-8ED5-4D0AAF9ABDBE}.Release|x64.Build.0 = Release|Any CPU
		{72D968D1-2CDA-40A6-8ED5-4D0AAF9ABDBE}.Release|x86.ActiveCfg = Release|Any CPU
		{72D968D1-2CDA-40A6-8ED5-4D0AAF9ABDBE}.Release|x86.Build.0 = Release|Any CPU
		{0C717ACB-F952-402D-8E79-5C2C6C820019}.Debug|Any CPU.ActiveCfg = Debug|Any CPU
		{0C717ACB-F952-402D-8E79-5C2C6C820019}.Debug|Any CPU.Build.0 = Debug|Any CPU
		{0C717ACB-F952-402D-8E79-5C2C6C820019}.Debug|x64.ActiveCfg = Debug|Any CPU
		{0C717ACB-F952-402D-8E79-5C2C6C820019}.Debug|x64.Build.0 = Debug|Any CPU
		{0C717ACB-F952-402D-8E79-5C2C6C820019}.Debug|x86.ActiveCfg = Debug|Any CPU
		{0C717ACB-F952-402D-8E79-5C2C6C820019}.Debug|x86.Build.0 = Debug|Any CPU
		{0C717ACB-F952-402D-8E79-5C2C6C820019}.Release|Any CPU.ActiveCfg = Release|Any CPU
		{0C717ACB-F952-402D-8E79-5C2C6C820019}.Release|Any CPU.Build.0 = Release|Any CPU
		{0C717ACB-F952-402D-8E79-5C2C6C820019}.Release|x64.ActiveCfg = Release|Any CPU
		{0C717ACB-F952-402D-8E79-5C2C6C820019}.Release|x64.Build.0 = Release|Any CPU
		{0C717ACB-F952-402D-8E79-5C2C6C820019}.Release|x86.ActiveCfg = Release|Any CPU
		{0C717ACB-F952-402D-8E79-5C2C6C820019}.Release|x86.Build.0 = Release|Any CPU
		{90AC224E-B229-450E-BCD5-6710A2E7CEA1}.Debug|Any CPU.ActiveCfg = Debug|Any CPU
		{90AC224E-B229-450E-BCD5-6710A2E7CEA1}.Debug|Any CPU.Build.0 = Debug|Any CPU
		{90AC224E-B229-450E-BCD5-6710A2E7CEA1}.Debug|x64.ActiveCfg = Debug|Any CPU
		{90AC224E-B229-450E-BCD5-6710A2E7CEA1}.Debug|x64.Build.0 = Debug|Any CPU
		{90AC224E-B229-450E-BCD5-6710A2E7CEA1}.Debug|x86.ActiveCfg = Debug|Any CPU
		{90AC224E-B229-450E-BCD5-6710A2E7CEA1}.Debug|x86.Build.0 = Debug|Any CPU
		{90AC224E-B229-450E-BCD5-6710A2E7CEA1}.Release|Any CPU.ActiveCfg = Release|Any CPU
		{90AC224E-B229-450E-BCD5-6710A2E7CEA1}.Release|Any CPU.Build.0 = Release|Any CPU
		{90AC224E-B229-450E-BCD5-6710A2E7CEA1}.Release|x64.ActiveCfg = Release|Any CPU
		{90AC224E-B229-450E-BCD5-6710A2E7CEA1}.Release|x64.Build.0 = Release|Any CPU
		{90AC224E-B229-450E-BCD5-6710A2E7CEA1}.Release|x86.ActiveCfg = Release|Any CPU
		{90AC224E-B229-450E-BCD5-6710A2E7CEA1}.Release|x86.Build.0 = Release|Any CPU
	EndGlobalSection
	GlobalSection(SolutionProperties) = preSolution
		HideSolutionNode = FALSE
	EndGlobalSection
	GlobalSection(NestedProjects) = preSolution
		{980189A4-6D2A-47C4-A754-F348470116AE} = {827E0CD3-B72D-47B6-A68D-7590B98EB39B}
		{997FE028-9004-47A5-9854-BC7616CF21DB} = {827E0CD3-B72D-47B6-A68D-7590B98EB39B}
		{A547CE74-BB00-4E81-A144-4ABA3DFA62FF} = {0AB3BF05-4346-4AA6-1389-037BE0695223}
		{90074ABD-1F4C-4D0F-9C8E-437EE908C378} = {827E0CD3-B72D-47B6-A68D-7590B98EB39B}
		{60666B9E-0CD5-4E54-A93A-6CC14B97F51C} = {0AB3BF05-4346-4AA6-1389-037BE0695223}
		{C4A24D15-4388-4BB4-9BA5-318EB77B28EC} = {827E0CD3-B72D-47B6-A68D-7590B98EB39B}
		{AC327380-0D48-49D5-A1ED-196EC2AFCE59} = {827E0CD3-B72D-47B6-A68D-7590B98EB39B}
		{2CAB3CE6-E5F8-4187-B999-3BE546837446} = {0AB3BF05-4346-4AA6-1389-037BE0695223}
		{37AF5BF4-5610-904A-A681-61FE7F1C55EB} = {BCB56B24-9C87-A1C6-9BC8-AE807DEE806C}
		{44B68D7E-EB92-4178-8D01-174B202F6ED6} = {37AF5BF4-5610-904A-A681-61FE7F1C55EB}
		{0946A539-F638-4C7E-B105-C199D35E3447} = {0AB3BF05-4346-4AA6-1389-037BE0695223}
		{A7258327-86E8-4D00-98D3-4E5316BC16DB} = {0AB3BF05-4346-4AA6-1389-037BE0695223}
		{F693DC46-603D-4711-A7F8-E3A5746576B1} = {827E0CD3-B72D-47B6-A68D-7590B98EB39B}
		{1A8072FB-86E0-591C-667D-F8C9447733DE} = {5D20AA90-6969-D8BD-9DCD-8634F4692FDA}
		{22351BAB-9B24-410D-88BC-D1BA8266A84F} = {1A8072FB-86E0-591C-667D-F8C9447733DE}
		{85F3849B-EDB0-4F32-B699-3A451F9A92A8} = {0AB3BF05-4346-4AA6-1389-037BE0695223}
		{D448F17C-0AC5-462E-8C74-EE08C15B5062} = {0AB3BF05-4346-4AA6-1389-037BE0695223}
		{9A129534-F103-46A3-9125-F724735D1663} = {0AB3BF05-4346-4AA6-1389-037BE0695223}
		{72D968D1-2CDA-40A6-8ED5-4D0AAF9ABDBE} = {0AB3BF05-4346-4AA6-1389-037BE0695223}
		{0C717ACB-F952-402D-8E79-5C2C6C820019} = {0AB3BF05-4346-4AA6-1389-037BE0695223}
		{90AC224E-B229-450E-BCD5-6710A2E7CEA1} = {0AB3BF05-4346-4AA6-1389-037BE0695223}
	EndGlobalSection
EndGlobal
